PODS:
  - Alamofire (4.4.0)
  - SlideMenuControllerSwift (3.0.1)
  - SnapKit (3.2.0)
  - YYKit (1.0.9):
    - YYKit/no-arc (= 1.0.9)
  - YYKit/no-arc (1.0.9)

DEPENDENCIES:
  - Alamofire
  - SlideMenuControllerSwift
  - SnapKit
  - YYKit

SPEC CHECKSUMS:
  Alamofire: dc44b1600b800eb63da6a19039a0083d62a6a62d
  SlideMenuControllerSwift: 9a163b16d54afab734add42858cba7ef7c307755
  SnapKit: 1ca44df72cfa543218d177cb8aab029d10d86ea7
  YYKit: 7cda43304a8dc3696c449041e2cb3107b4e236e7

PODFILE CHECKSUM: 0fb93d48ebd32601c1d3dac6a063de8217c00a37

COCOAPODS: 1.0.1
